{
  "version": 4,
  "terraform_version": "1.6.2",
  "serial": 6,
  "lineage": "da704c50-4419-f3db-dc92-f9dd2eba965e",
  "outputs": {},
  "resources": [
    {
      "module": "module.private_zone",
      "mode": "managed",
      "type": "aws_route53_zone",
      "name": "private_zone",
      "provider": "provider[\"registry.terraform.io/hashicorp/aws\"]",
      "instances": [
        {
          "schema_version": 0,
          "attributes": {
            "arn": "arn:aws:route53:::hostedzone/Z00199461U9XVPG8E5M2M",
            "comment": "Managed by Terraform",
            "delegation_set_id": "",
            "force_destroy": false,
            "id": "Z00199461U9XVPG8E5M2M",
            "name": "rushibaba.com",
            "name_servers": [
              "ns-0.awsdns-00.com.",
              "ns-1024.awsdns-00.org.",
              "ns-1536.awsdns-00.co.uk.",
              "ns-512.awsdns-00.net."
            ],
            "primary_name_server": "ns-0.awsdns-00.com.",
            "tags": null,
            "tags_all": {},
            "vpc": [
              {
                "vpc_id": "vpc-086c3d41bdf635aa5",
                "vpc_region": "us-east-2"
              }
            ],
            "zone_id": "Z00199461U9XVPG8E5M2M"
          },
          "sensitive_attributes": [],
          "private": "bnVsbA=="
        }
      ]
    }
  ],
  "check_results": null
}
